
Microsoft Visual Studio Solution File, Format Version 10.00
# Visual Studio 2008
Project("{8BC9CEB8-8B4A-11D0-8D11-00A0C91BC942}") = "editor", "editor\editor.vcproj", "{F4D0635E-AFB4-452E-8180-5677D7EA9830}"
	ProjectSection(ProjectDependencies) = postProject
		{3C033D09-7A5B-4473-83BB-EEEF7674B54F} = {3C033D09-7A5B-4473-83BB-EEEF7674B54F}
		{FF5CBDB1-DA95-4C47-B39D-70151B3D053C} = {FF5CBDB1-DA95-4C47-B39D-70151B3D053C}
		{325B29BB-7BF0-4EC2-9135-7AAFDB44B185} = {325B29BB-7BF0-4EC2-9135-7AAFDB44B185}
		{E171A3DE-73C4-4D54-AF79-F54203C4DB77} = {E171A3DE-73C4-4D54-AF79-F54203C4DB77}
	EndProjectSection
EndProject
Project("{8BC9CEB8-8B4A-11D0-8D11-00A0C91BC942}") = "r2d", "..\r2d\r2d.vcproj", "{3C033D09-7A5B-4473-83BB-EEEF7674B54F}"
	ProjectSection(ProjectDependencies) = postProject
		{FF5CBDB1-DA95-4C47-B39D-70151B3D053C} = {FF5CBDB1-DA95-4C47-B39D-70151B3D053C}
	EndProjectSection
EndProject
Project("{8BC9CEB8-8B4A-11D0-8D11-00A0C91BC942}") = "cgl", "..\cgl\cgl.vcproj", "{FF5CBDB1-DA95-4C47-B39D-70151B3D053C}"
EndProject
Project("{8BC9CEB8-8B4A-11D0-8D11-00A0C91BC942}") = "pg", "..\pg\pg.vcproj", "{325B29BB-7BF0-4EC2-9135-7AAFDB44B185}"
	ProjectSection(ProjectDependencies) = postProject
		{FF5CBDB1-DA95-4C47-B39D-70151B3D053C} = {FF5CBDB1-DA95-4C47-B39D-70151B3D053C}
	EndProjectSection
EndProject
Project("{8BC9CEB8-8B4A-11D0-8D11-00A0C91BC942}") = "e2d", "..\e2d\e2d.vcproj", "{E171A3DE-73C4-4D54-AF79-F54203C4DB77}"
	ProjectSection(ProjectDependencies) = postProject
		{3C033D09-7A5B-4473-83BB-EEEF7674B54F} = {3C033D09-7A5B-4473-83BB-EEEF7674B54F}
		{FF5CBDB1-DA95-4C47-B39D-70151B3D053C} = {FF5CBDB1-DA95-4C47-B39D-70151B3D053C}
		{325B29BB-7BF0-4EC2-9135-7AAFDB44B185} = {325B29BB-7BF0-4EC2-9135-7AAFDB44B185}
	EndProjectSection
EndProject
Project("{8BC9CEB8-8B4A-11D0-8D11-00A0C91BC942}") = "game", "..\game\game.vcproj", "{5D9FC1FF-49D5-492C-B71A-A9AC3FC34711}"
	ProjectSection(ProjectDependencies) = postProject
		{3C033D09-7A5B-4473-83BB-EEEF7674B54F} = {3C033D09-7A5B-4473-83BB-EEEF7674B54F}
		{FF5CBDB1-DA95-4C47-B39D-70151B3D053C} = {FF5CBDB1-DA95-4C47-B39D-70151B3D053C}
		{325B29BB-7BF0-4EC2-9135-7AAFDB44B185} = {325B29BB-7BF0-4EC2-9135-7AAFDB44B185}
		{E171A3DE-73C4-4D54-AF79-F54203C4DB77} = {E171A3DE-73C4-4D54-AF79-F54203C4DB77}
	EndProjectSection
EndProject
Global
	GlobalSection(SolutionConfigurationPlatforms) = preSolution
		Debug|Win32 = Debug|Win32
		MinSizeRel|Win32 = MinSizeRel|Win32
		Release|Win32 = Release|Win32
		RelWithDebInfo|Win32 = RelWithDebInfo|Win32
	EndGlobalSection
	GlobalSection(ProjectConfigurationPlatforms) = postSolution
		{F4D0635E-AFB4-452E-8180-5677D7EA9830}.Debug|Win32.ActiveCfg = Debug|Win32
		{F4D0635E-AFB4-452E-8180-5677D7EA9830}.Debug|Win32.Build.0 = Debug|Win32
		{F4D0635E-AFB4-452E-8180-5677D7EA9830}.MinSizeRel|Win32.ActiveCfg = Debug|Win32
		{F4D0635E-AFB4-452E-8180-5677D7EA9830}.MinSizeRel|Win32.Build.0 = Debug|Win32
		{F4D0635E-AFB4-452E-8180-5677D7EA9830}.Release|Win32.ActiveCfg = Release|Win32
		{F4D0635E-AFB4-452E-8180-5677D7EA9830}.Release|Win32.Build.0 = Release|Win32
		{F4D0635E-AFB4-452E-8180-5677D7EA9830}.RelWithDebInfo|Win32.ActiveCfg = Release|Win32
		{F4D0635E-AFB4-452E-8180-5677D7EA9830}.RelWithDebInfo|Win32.Build.0 = Release|Win32
		{3C033D09-7A5B-4473-83BB-EEEF7674B54F}.Debug|Win32.ActiveCfg = Debug|Win32
		{3C033D09-7A5B-4473-83BB-EEEF7674B54F}.Debug|Win32.Build.0 = Debug|Win32
		{3C033D09-7A5B-4473-83BB-EEEF7674B54F}.MinSizeRel|Win32.ActiveCfg = Release|Win32
		{3C033D09-7A5B-4473-83BB-EEEF7674B54F}.MinSizeRel|Win32.Build.0 = Release|Win32
		{3C033D09-7A5B-4473-83BB-EEEF7674B54F}.Release|Win32.ActiveCfg = Release|Win32
		{3C033D09-7A5B-4473-83BB-EEEF7674B54F}.Release|Win32.Build.0 = Release|Win32
		{3C033D09-7A5B-4473-83BB-EEEF7674B54F}.RelWithDebInfo|Win32.ActiveCfg = Release|Win32
		{3C033D09-7A5B-4473-83BB-EEEF7674B54F}.RelWithDebInfo|Win32.Build.0 = Release|Win32
		{FF5CBDB1-DA95-4C47-B39D-70151B3D053C}.Debug|Win32.ActiveCfg = Debug|Win32
		{FF5CBDB1-DA95-4C47-B39D-70151B3D053C}.Debug|Win32.Build.0 = Debug|Win32
		{FF5CBDB1-DA95-4C47-B39D-70151B3D053C}.MinSizeRel|Win32.ActiveCfg = Release|Win32
		{FF5CBDB1-DA95-4C47-B39D-70151B3D053C}.MinSizeRel|Win32.Build.0 = Release|Win32
		{FF5CBDB1-DA95-4C47-B39D-70151B3D053C}.Release|Win32.ActiveCfg = Release|Win32
		{FF5CBDB1-DA95-4C47-B39D-70151B3D053C}.Release|Win32.Build.0 = Release|Win32
		{FF5CBDB1-DA95-4C47-B39D-70151B3D053C}.RelWithDebInfo|Win32.ActiveCfg = Release|Win32
		{FF5CBDB1-DA95-4C47-B39D-70151B3D053C}.RelWithDebInfo|Win32.Build.0 = Release|Win32
		{325B29BB-7BF0-4EC2-9135-7AAFDB44B185}.Debug|Win32.ActiveCfg = Debug|Win32
		{325B29BB-7BF0-4EC2-9135-7AAFDB44B185}.Debug|Win32.Build.0 = Debug|Win32
		{325B29BB-7BF0-4EC2-9135-7AAFDB44B185}.MinSizeRel|Win32.ActiveCfg = Release|Win32
		{325B29BB-7BF0-4EC2-9135-7AAFDB44B185}.MinSizeRel|Win32.Build.0 = Release|Win32
		{325B29BB-7BF0-4EC2-9135-7AAFDB44B185}.Release|Win32.ActiveCfg = Release|Win32
		{325B29BB-7BF0-4EC2-9135-7AAFDB44B185}.Release|Win32.Build.0 = Release|Win32
		{325B29BB-7BF0-4EC2-9135-7AAFDB44B185}.RelWithDebInfo|Win32.ActiveCfg = Release|Win32
		{325B29BB-7BF0-4EC2-9135-7AAFDB44B185}.RelWithDebInfo|Win32.Build.0 = Release|Win32
		{E171A3DE-73C4-4D54-AF79-F54203C4DB77}.Debug|Win32.ActiveCfg = Debug|Win32
		{E171A3DE-73C4-4D54-AF79-F54203C4DB77}.Debug|Win32.Build.0 = Debug|Win32
		{E171A3DE-73C4-4D54-AF79-F54203C4DB77}.MinSizeRel|Win32.ActiveCfg = Release|Win32
		{E171A3DE-73C4-4D54-AF79-F54203C4DB77}.MinSizeRel|Win32.Build.0 = Release|Win32
		{E171A3DE-73C4-4D54-AF79-F54203C4DB77}.Release|Win32.ActiveCfg = Release|Win32
		{E171A3DE-73C4-4D54-AF79-F54203C4DB77}.Release|Win32.Build.0 = Release|Win32
		{E171A3DE-73C4-4D54-AF79-F54203C4DB77}.RelWithDebInfo|Win32.ActiveCfg = Release|Win32
		{E171A3DE-73C4-4D54-AF79-F54203C4DB77}.RelWithDebInfo|Win32.Build.0 = Release|Win32
		{5D9FC1FF-49D5-492C-B71A-A9AC3FC34711}.Debug|Win32.ActiveCfg = Debug|Win32
		{5D9FC1FF-49D5-492C-B71A-A9AC3FC34711}.Debug|Win32.Build.0 = Debug|Win32
		{5D9FC1FF-49D5-492C-B71A-A9AC3FC34711}.MinSizeRel|Win32.ActiveCfg = Release|Win32
		{5D9FC1FF-49D5-492C-B71A-A9AC3FC34711}.MinSizeRel|Win32.Build.0 = Release|Win32
		{5D9FC1FF-49D5-492C-B71A-A9AC3FC34711}.Release|Win32.ActiveCfg = Release|Win32
		{5D9FC1FF-49D5-492C-B71A-A9AC3FC34711}.Release|Win32.Build.0 = Release|Win32
		{5D9FC1FF-49D5-492C-B71A-A9AC3FC34711}.RelWithDebInfo|Win32.ActiveCfg = Release|Win32
		{5D9FC1FF-49D5-492C-B71A-A9AC3FC34711}.RelWithDebInfo|Win32.Build.0 = Release|Win32
	EndGlobalSection
	GlobalSection(SolutionProperties) = preSolution
		HideSolutionNode = FALSE
	EndGlobalSection
EndGlobal
